
Microsoft Visual Studio Solution File, Format Version 12.00
# Visual Studio Version 16
VisualStudioVersion = 16.0.29519.181
MinimumVisualStudioVersion = 10.0.40219.1
Project("{FAE04EC0-301F-11D3-BF4B-00C04F79EFBC}") = "ASB.WEB", "ASB.WEB\ASB.WEB.csproj", "{0422E903-DE0B-4AF2-9FEC-0B0A97548BC1}"
EndProject
Project("{FAE04EC0-301F-11D3-BF4B-00C04F79EFBC}") = "ASB.Services", "ASB.Services\ASB.Services.csproj", "{9541A4A7-6057-4658-BD8B-9E61C4405486}"
EndProject
Project("{FAE04EC0-301F-11D3-BF4B-00C04F79EFBC}") = "ASB.WorkerService2", "ASB.WorkerService\ASB.WorkerService2.csproj", "{81F4BE57-65BC-4363-A523-E8E3656194E4}"
EndProject
Project("{FAE04EC0-301F-11D3-BF4B-00C04F79EFBC}") = "ASB.WorkerServiceConsole", "ASB.WorkerServiceConsole\ASB.WorkerServiceConsole.csproj", "{5B0AAFE1-FF0E-4FA0-9348-7F415FF185C1}"
EndProject
Project("{FAE04EC0-301F-11D3-BF4B-00C04F79EFBC}") = "ASB.WorkerServiceApp", "ASB.WorkerServiceApp\ASB.WorkerServiceApp.csproj", "{14FEDC54-0F1F-42B6-A413-EFEF195098F0}"
EndProject
Global
	GlobalSection(SolutionConfigurationPlatforms) = preSolution
		Debug|Any CPU = Debug|Any CPU
		Release|Any CPU = Release|Any CPU
	EndGlobalSection
	GlobalSection(ProjectConfigurationPlatforms) = postSolution
		{0422E903-DE0B-4AF2-9FEC-0B0A97548BC1}.Debug|Any CPU.ActiveCfg = Debug|Any CPU
		{0422E903-DE0B-4AF2-9FEC-0B0A97548BC1}.Debug|Any CPU.Build.0 = Debug|Any CPU
		{0422E903-DE0B-4AF2-9FEC-0B0A97548BC1}.Release|Any CPU.ActiveCfg = Release|Any CPU
		{0422E903-DE0B-4AF2-9FEC-0B0A97548BC1}.Release|Any CPU.Build.0 = Release|Any CPU
		{9541A4A7-6057-4658-BD8B-9E61C4405486}.Debug|Any CPU.ActiveCfg = Debug|Any CPU
		{9541A4A7-6057-4658-BD8B-9E61C4405486}.Debug|Any CPU.Build.0 = Debug|Any CPU
		{9541A4A7-6057-4658-BD8B-9E61C4405486}.Release|Any CPU.ActiveCfg = Release|Any CPU
		{9541A4A7-6057-4658-BD8B-9E61C4405486}.Release|Any CPU.Build.0 = Release|Any CPU
		{81F4BE57-65BC-4363-A523-E8E3656194E4}.Debug|Any CPU.ActiveCfg = Debug|Any CPU
		{81F4BE57-65BC-4363-A523-E8E3656194E4}.Debug|Any CPU.Build.0 = Debug|Any CPU
		{81F4BE57-65BC-4363-A523-E8E3656194E4}.Release|Any CPU.ActiveCfg = Release|Any CPU
		{81F4BE57-65BC-4363-A523-E8E3656194E4}.Release|Any CPU.Build.0 = Release|Any CPU
		{5B0AAFE1-FF0E-4FA0-9348-7F415FF185C1}.Debug|Any CPU.ActiveCfg = Debug|Any CPU
		{5B0AAFE1-FF0E-4FA0-9348-7F415FF185C1}.Debug|Any CPU.Build.0 = Debug|Any CPU
		{5B0AAFE1-FF0E-4FA0-9348-7F415FF185C1}.Release|Any CPU.ActiveCfg = Release|Any CPU
		{5B0AAFE1-FF0E-4FA0-9348-7F415FF185C1}.Release|Any CPU.Build.0 = Release|Any CPU
		{14FEDC54-0F1F-42B6-A413-EFEF195098F0}.Debug|Any CPU.ActiveCfg = Debug|Any CPU
		{14FEDC54-0F1F-42B6-A413-EFEF195098F0}.Debug|Any CPU.Build.0 = Debug|Any CPU
		{14FEDC54-0F1F-42B6-A413-EFEF195098F0}.Release|Any CPU.ActiveCfg = Release|Any CPU
		{14FEDC54-0F1F-42B6-A413-EFEF195098F0}.Release|Any CPU.Build.0 = Release|Any CPU
	EndGlobalSection
	GlobalSection(SolutionProperties) = preSolution
		HideSolutionNode = FALSE
	EndGlobalSection
	GlobalSection(ExtensibilityGlobals) = postSolution
		SolutionGuid = {46DBB984-B6A3-4854-AB76-08DE3F4EC5B5}
	EndGlobalSection
EndGlobal
